
Microsoft Visual Studio Solution File, Format Version 12.00
# Visual Studio Version 17
VisualStudioVersion = 17.3.32901.215
MinimumVisualStudioVersion = 10.0.40219.1
Project("{9A19103F-16F7-4668-BE54-9A1E7A4F7556}") = "FoxProInterop", "FoxProInterop\FoxProInterop.csproj", "{38BF0B59-9906-44A1-89E4-7B8B5D6C1632}"
EndProject
Project("{FAE04EC0-301F-11D3-BF4B-00C04F79EFBC}") = "InteropTests", "InteropTests\InteropTests.csproj", "{52E389BD-68E9-48A5-BFEB-2F1FB72076E3}"
EndProject
Global
	GlobalSection(SolutionConfigurationPlatforms) = preSolution
		Debug|Any CPU = Debug|Any CPU
		Release|Any CPU = Release|Any CPU
	EndGlobalSection
	GlobalSection(ProjectConfigurationPlatforms) = postSolution
		{38BF0B59-9906-44A1-89E4-7B8B5D6C1632}.Debug|Any CPU.ActiveCfg = Debug|Any CPU
		{38BF0B59-9906-44A1-89E4-7B8B5D6C1632}.Debug|Any CPU.Build.0 = Debug|Any CPU
		{38BF0B59-9906-44A1-89E4-7B8B5D6C1632}.Release|Any CPU.ActiveCfg = Release|Any CPU
		{38BF0B59-9906-44A1-89E4-7B8B5D6C1632}.Release|Any CPU.Build.0 = Release|Any CPU
		{52E389BD-68E9-48A5-BFEB-2F1FB72076E3}.Debug|Any CPU.ActiveCfg = Debug|Any CPU
		{52E389BD-68E9-48A5-BFEB-2F1FB72076E3}.Debug|Any CPU.Build.0 = Debug|Any CPU
		{52E389BD-68E9-48A5-BFEB-2F1FB72076E3}.Release|Any CPU.ActiveCfg = Release|Any CPU
		{52E389BD-68E9-48A5-BFEB-2F1FB72076E3}.Release|Any CPU.Build.0 = Release|Any CPU
	EndGlobalSection
	GlobalSection(SolutionProperties) = preSolution
		HideSolutionNode = FALSE
	EndGlobalSection
	GlobalSection(ExtensibilityGlobals) = postSolution
		SolutionGuid = {945A4BAE-444C-42C8-AA6B-443C0BFB1E98}
	EndGlobalSection
EndGlobal
